
Microsoft Visual Studio Solution File, Format Version 12.00
# Visual Studio Version 17
VisualStudioVersion = 17.3.32901.215
MinimumVisualStudioVersion = 10.0.40219.1
Project("{FAE04EC0-301F-11D3-BF4B-00C04F79EFBC}") = "01_PROACTIVO_WEB", "01_PROACTIVO_WEB\01_PROACTIVO_WEB.csproj", "{DB2A0C61-F9A5-4711-8F09-2EED4B85FC34}"
EndProject
Global
	GlobalSection(SolutionConfigurationPlatforms) = preSolution
		Debug|Any CPU = Debug|Any CPU
		Release|Any CPU = Release|Any CPU
	EndGlobalSection
	GlobalSection(ProjectConfigurationPlatforms) = postSolution
		{DB2A0C61-F9A5-4711-8F09-2EED4B85FC34}.Debug|Any CPU.ActiveCfg = Debug|Any CPU
		{DB2A0C61-F9A5-4711-8F09-2EED4B85FC34}.Debug|Any CPU.Build.0 = Debug|Any CPU
		{DB2A0C61-F9A5-4711-8F09-2EED4B85FC34}.Release|Any CPU.ActiveCfg = Release|Any CPU
		{DB2A0C61-F9A5-4711-8F09-2EED4B85FC34}.Release|Any CPU.Build.0 = Release|Any CPU
	EndGlobalSection
	GlobalSection(SolutionProperties) = preSolution
		HideSolutionNode = FALSE
	EndGlobalSection
	GlobalSection(ExtensibilityGlobals) = postSolution
		SolutionGuid = {2754EE27-F8DF-4078-BC52-6EDD4CD9E08F}
	EndGlobalSection
EndGlobal
